# THIS IS AN AUTOGENERATED FILE. DO NOT EDIT THIS FILE DIRECTLY.
# yarn lockfile v1


"@figma/plugin-typings@^1.40.0":
  "integrity" "sha512-PA73qVIn6KFVpnJkt2xNbCpaxx04pXs9eu22JH2123O7Mu17ARLDlXE+tt1ikACfsS6aEGsStI3IFPks+yomVA=="
  "resolved" "https://registry.npmjs.org/@figma/plugin-typings/-/plugin-typings-1.40.0.tgz"
  "version" "1.40.0"
